
Microsoft Visual Studio Solution File, Format Version 12.00
# Visual Studio 15
VisualStudioVersion = 15.0.28307.572
MinimumVisualStudioVersion = 10.0.40219.1
Project("{FAE04EC0-301F-11D3-BF4B-00C04F79EFBC}") = "Console_NN", "Console_NN\Console_NN.csproj", "{1B738943-7F19-49E6-AB1E-2596DE0657B1}"
EndProject
Global
	GlobalSection(SolutionConfigurationPlatforms) = preSolution
		Debug|Any CPU = Debug|Any CPU
		Release|Any CPU = Release|Any CPU
	EndGlobalSection
	GlobalSection(ProjectConfigurationPlatforms) = postSolution
		{1B738943-7F19-49E6-AB1E-2596DE0657B1}.Debug|Any CPU.ActiveCfg = Debug|Any CPU
		{1B738943-7F19-49E6-AB1E-2596DE0657B1}.Debug|Any CPU.Build.0 = Debug|Any CPU
		{1B738943-7F19-49E6-AB1E-2596DE0657B1}.Release|Any CPU.ActiveCfg = Release|Any CPU
		{1B738943-7F19-49E6-AB1E-2596DE0657B1}.Release|Any CPU.Build.0 = Release|Any CPU
	EndGlobalSection
	GlobalSection(SolutionProperties) = preSolution
		HideSolutionNode = FALSE
	EndGlobalSection
	GlobalSection(ExtensibilityGlobals) = postSolution
		SolutionGuid = {CA304F43-7C79-4B6B-AAC2-5F91A314F584}
	EndGlobalSection
EndGlobal
